{
  "meteor": {},
  "dependencies": {
    "basePackages": {
      "bootstrap-3": {},
      "iron-router": {
        "git": "https://github.com/EventedMind/iron-router.git",
        "branch": "blaze-integration"
      },
      "chuckjs": {
        "git": "https://github.com/aknuds1/meteor-chuckjs.git",
        "branch": "master"
      },
      "pince": {}
    },
    "packages": {
      "bootstrap-3": {
        "git": "https://github.com/mangasocial/meteor-bootstrap-3.git",
        "tag": "v3.1.1-1",
        "commit": "63dd38968828bb8963636df93e9a1c45e2dfe67e"
      },
      "iron-router": {
        "git": "https://github.com/EventedMind/iron-router.git",
        "branch": "blaze-integration",
        "commit": "947991731df164e56b53cfdae8ef23802d989142"
      },
      "chuckjs": {
        "git": "https://github.com/aknuds1/meteor-chuckjs.git",
        "branch": "master",
        "commit": "b40e120cd84cde4e616229bb3db74e8bbfbec252"
      },
      "pince": {
        "git": "https://github.com/mad-eye/pince.git",
        "tag": "v0.0.5",
        "commit": "4524ecc0bdf043c49dc62e91bbd8a99c661081ed"
      },
      "blaze-layout": {
        "git": "https://github.com/EventedMind/blaze-layout.git",
        "branch": "master",
        "commit": "2664f817844fba0fab0455a79bc62782c9091ad0"
      },
      "q": {
        "git": "https://github.com/frozeman/q-meteor.git",
        "tag": "v0.9.7",
        "commit": "e5c10f087b76fda32ae6be4d8950ab2633c520a3"
      },
      "underscore-string-latest": {
        "git": "https://github.com/TimHeckel/meteor-underscore-string.git",
        "tag": "v2.3.3",
        "commit": "4a5d70eee48fbd90a6e6fc78747250d704a0b3bb"
      },
      "require": {
        "git": "https://github.com/aknuds1/meteor-require.git",
        "branch": "fixes",
        "commit": "c403a1abc086c112d7ece7a7b770b8e447831ac0"
      },
      "lodash": {
        "git": "https://github.com/alethes/meteor-lodash.git",
        "tag": "v0.7.0",
        "commit": "0d4d8b43728f3ad1b54268148e61de398a3a4840"
      }
    }
  }
}
